PODS:
  - PromiseKit (6.8.5):
    - PromiseKit/CorePromise (= 6.8.5)
    - PromiseKit/Foundation (= 6.8.5)
    - PromiseKit/UIKit (= 6.8.5)
  - PromiseKit/CorePromise (6.8.5)
  - PromiseKit/Foundation (6.8.5):
    - PromiseKit/CorePromise
  - PromiseKit/UIKit (6.8.5):
    - PromiseKit/CorePromise

DEPENDENCIES:
  - PromiseKit (~> 6.8.4)

SPEC REPOS:
  trunk:
    - PromiseKit

SPEC CHECKSUMS:
  PromiseKit: 9616b0afef31eae56ab9ce044c8ec2b8612a15cd

PODFILE CHECKSUM: 3de11e03bdb36ff60b6d7860b94e0bac54781840

COCOAPODS: 1.10.1
